// !$*UTF8*$!
{
	archiveVersion = 1;
	classes = {
	};
	objectVersion = 55;
	objects = {

/* Begin PBXBuildFile section */
		3C08A6FD28121BF5008FF1C6 /* AppDelegate.swift in Sources */ = {isa = PBXBuildFile; fileRef = 3C08A6FC28121BF5008FF1C6 /* AppDelegate.swift */; };
		3C08A6FF28121BF5008FF1C6 /* SceneDelegate.swift in Sources */ = {isa = PBXBuildFile; fileRef = 3C08A6FE28121BF5008FF1C6 /* SceneDelegate.swift */; };
		3C08A70428121BF5008FF1C6 /* Main.storyboard in Resources */ = {isa = PBXBuildFile; fileRef = 3C08A70228121BF5008FF1C6 /* Main.storyboard */; };
		3C08A70628121BF6008FF1C6 /* Assets.xcassets in Resources */ = {isa = PBXBuildFile; fileRef = 3C08A70528121BF6008FF1C6 /* Assets.xcassets */; };
		3C08A70928121BF6008FF1C6 /* LaunchScreen.storyboard in Resources */ = {isa = PBXBuildFile; fileRef = 3C08A70728121BF6008FF1C6 /* LaunchScreen.storyboard */; };
		3C08A71E28121BF7008FF1C6 /* NewsUITests.swift in Sources */ = {isa = PBXBuildFile; fileRef = 3C08A71D28121BF7008FF1C6 /* NewsUITests.swift */; };
		3C08A72028121BF7008FF1C6 /* NewsUITestsLaunchTests.swift in Sources */ = {isa = PBXBuildFile; fileRef = 3C08A71F28121BF7008FF1C6 /* NewsUITestsLaunchTests.swift */; };
		3C08F41F28197D3000FB7DAA /* AppConstants.swift in Sources */ = {isa = PBXBuildFile; fileRef = 3C08F41E28197D3000FB7DAA /* AppConstants.swift */; };
		3C08F4212819806100FB7DAA /* WebRoutes.swift in Sources */ = {isa = PBXBuildFile; fileRef = 3C08F4202819806100FB7DAA /* WebRoutes.swift */; };
		3C08F423281986ED00FB7DAA /* WebRoutesTests.swift in Sources */ = {isa = PBXBuildFile; fileRef = 3C08F422281986ED00FB7DAA /* WebRoutesTests.swift */; };
		3C08F4242819880400FB7DAA /* WebRoutes.swift in Sources */ = {isa = PBXBuildFile; fileRef = 3C08F4202819806100FB7DAA /* WebRoutes.swift */; };
		3C08F4262819BFB600FB7DAA /* WebViewController.swift in Sources */ = {isa = PBXBuildFile; fileRef = 3C08F4252819BFB600FB7DAA /* WebViewController.swift */; };
		3C08F42A2819C1DA00FB7DAA /* PageViewController.swift in Sources */ = {isa = PBXBuildFile; fileRef = 3C08F4292819C1DA00FB7DAA /* PageViewController.swift */; };
		3C08F42C2819E32000FB7DAA /* WebViewControllerFactory.swift in Sources */ = {isa = PBXBuildFile; fileRef = 3C08F42B2819E32000FB7DAA /* WebViewControllerFactory.swift */; };
		3C08F4322819FBB600FB7DAA /* enableDarkMode.js in Resources */ = {isa = PBXBuildFile; fileRef = 3C08F4312819FBB600FB7DAA /* enableDarkMode.js */; };
		3C08F434281A098900FB7DAA /* disableDarkMode.js in Resources */ = {isa = PBXBuildFile; fileRef = 3C08F433281A098900FB7DAA /* disableDarkMode.js */; };
		3C08F436281A14DB00FB7DAA /* PostTableViewController.swift in Sources */ = {isa = PBXBuildFile; fileRef = 3C08F435281A14DB00FB7DAA /* PostTableViewController.swift */; };
		3C08F43A281A182500FB7DAA /* ProfileNavigationControllerFactory.swift in Sources */ = {isa = PBXBuildFile; fileRef = 3C08F439281A182500FB7DAA /* ProfileNavigationControllerFactory.swift */; };
		3C08F43C281A195200FB7DAA /* ProfileNavigationController.swift in Sources */ = {isa = PBXBuildFile; fileRef = 3C08F43B281A195200FB7DAA /* ProfileNavigationController.swift */; };
		3C08F43E281A1A2400FB7DAA /* ProfileTableViewController.swift in Sources */ = {isa = PBXBuildFile; fileRef = 3C08F43D281A1A2400FB7DAA /* ProfileTableViewController.swift */; };
		3C32CB3A2818B7D7007045EA /* restyle.js in Resources */ = {isa = PBXBuildFile; fileRef = 3C32CB392818B7D7007045EA /* restyle.js */; };
		3C32CB432818BC18007045EA /* WebViewFactory.swift in Sources */ = {isa = PBXBuildFile; fileRef = 3C32CB422818BC18007045EA /* WebViewFactory.swift */; };
		3CB571182816F7400038E482 /* NavigationViewController.swift in Sources */ = {isa = PBXBuildFile; fileRef = 3CB571172816F7400038E482 /* NavigationViewController.swift */; };
/* End PBXBuildFile section */

/* Begin PBXContainerItemProxy section */
		3C08A71028121BF7008FF1C6 /* PBXContainerItemProxy */ = {
			isa = PBXContainerItemProxy;
			containerPortal = 3C08A6F128121BF5008FF1C6 /* Project object */;
			proxyType = 1;
			remoteGlobalIDString = 3C08A6F828121BF5008FF1C6;
			remoteInfo = News;
		};
		3C08A71A28121BF7008FF1C6 /* PBXContainerItemProxy */ = {
			isa = PBXContainerItemProxy;
			containerPortal = 3C08A6F128121BF5008FF1C6 /* Project object */;
			proxyType = 1;
			remoteGlobalIDString = 3C08A6F828121BF5008FF1C6;
			remoteInfo = News;
		};
/* End PBXContainerItemProxy section */

/* Begin PBXFileReference section */
		3C08A6F928121BF5008FF1C6 /* News.app */ = {isa = PBXFileReference; explicitFileType = wrapper.application; includeInIndex = 0; path = News.app; sourceTree = BUILT_PRODUCTS_DIR; };
		3C08A6FC28121BF5008FF1C6 /* AppDelegate.swift */ = {isa = PBXFileReference; lastKnownFileType = sourcecode.swift; path = AppDelegate.swift; sourceTree = "<group>"; };
		3C08A6FE28121BF5008FF1C6 /* SceneDelegate.swift */ = {isa = PBXFileReference; lastKnownFileType = sourcecode.swift; path = SceneDelegate.swift; sourceTree = "<group>"; };
		3C08A70328121BF5008FF1C6 /* Base */ = {isa = PBXFileReference; lastKnownFileType = file.storyboard; name = Base; path = Base.lproj/Main.storyboard; sourceTree = "<group>"; };
		3C08A70528121BF6008FF1C6 /* Assets.xcassets */ = {isa = PBXFileReference; lastKnownFileType = folder.assetcatalog; path = Assets.xcassets; sourceTree = "<group>"; };
		3C08A70828121BF6008FF1C6 /* Base */ = {isa = PBXFileReference; lastKnownFileType = file.storyboard; name = Base; path = Base.lproj/LaunchScreen.storyboard; sourceTree = "<group>"; };
		3C08A70A28121BF6008FF1C6 /* Info.plist */ = {isa = PBXFileReference; lastKnownFileType = text.plist.xml; path = Info.plist; sourceTree = "<group>"; };
		3C08A70F28121BF7008FF1C6 /* NewsTests.xctest */ = {isa = PBXFileReference; explicitFileType = wrapper.cfbundle; includeInIndex = 0; path = NewsTests.xctest; sourceTree = BUILT_PRODUCTS_DIR; };
		3C08A71928121BF7008FF1C6 /* NewsUITests.xctest */ = {isa = PBXFileReference; explicitFileType = wrapper.cfbundle; includeInIndex = 0; path = NewsUITests.xctest; sourceTree = BUILT_PRODUCTS_DIR; };
		3C08A71D28121BF7008FF1C6 /* NewsUITests.swift */ = {isa = PBXFileReference; lastKnownFileType = sourcecode.swift; path = NewsUITests.swift; sourceTree = "<group>"; };
		3C08A71F28121BF7008FF1C6 /* NewsUITestsLaunchTests.swift */ = {isa = PBXFileReference; lastKnownFileType = sourcecode.swift; path = NewsUITestsLaunchTests.swift; sourceTree = "<group>"; };
		3C08F41E28197D3000FB7DAA /* AppConstants.swift */ = {isa = PBXFileReference; lastKnownFileType = sourcecode.swift; path = AppConstants.swift; sourceTree = "<group>"; };
		3C08F4202819806100FB7DAA /* WebRoutes.swift */ = {isa = PBXFileReference; lastKnownFileType = sourcecode.swift; path = WebRoutes.swift; sourceTree = "<group>"; };
		3C08F422281986ED00FB7DAA /* WebRoutesTests.swift */ = {isa = PBXFileReference; lastKnownFileType = sourcecode.swift; path = WebRoutesTests.swift; sourceTree = "<group>"; };
		3C08F4252819BFB600FB7DAA /* WebViewController.swift */ = {isa = PBXFileReference; lastKnownFileType = sourcecode.swift; path = WebViewController.swift; sourceTree = "<group>"; };
		3C08F4292819C1DA00FB7DAA /* PageViewController.swift */ = {isa = PBXFileReference; lastKnownFileType = sourcecode.swift; path = PageViewController.swift; sourceTree = "<group>"; };
		3C08F42B2819E32000FB7DAA /* WebViewControllerFactory.swift */ = {isa = PBXFileReference; lastKnownFileType = sourcecode.swift; path = WebViewControllerFactory.swift; sourceTree = "<group>"; };
		3C08F4312819FBB600FB7DAA /* enableDarkMode.js */ = {isa = PBXFileReference; fileEncoding = 4; lastKnownFileType = sourcecode.javascript; path = enableDarkMode.js; sourceTree = "<group>"; };
		3C08F433281A098900FB7DAA /* disableDarkMode.js */ = {isa = PBXFileReference; lastKnownFileType = sourcecode.javascript; path = disableDarkMode.js; sourceTree = "<group>"; };
		3C08F435281A14DB00FB7DAA /* PostTableViewController.swift */ = {isa = PBXFileReference; lastKnownFileType = sourcecode.swift; path = PostTableViewController.swift; sourceTree = "<group>"; };
		3C08F439281A182500FB7DAA /* ProfileNavigationControllerFactory.swift */ = {isa = PBXFileReference; lastKnownFileType = sourcecode.swift; path = ProfileNavigationControllerFactory.swift; sourceTree = "<group>"; };
		3C08F43B281A195200FB7DAA /* ProfileNavigationController.swift */ = {isa = PBXFileReference; lastKnownFileType = sourcecode.swift; path = ProfileNavigationController.swift; sourceTree = "<group>"; };
		3C08F43D281A1A2400FB7DAA /* ProfileTableViewController.swift */ = {isa = PBXFileReference; lastKnownFileType = sourcecode.swift; path = ProfileTableViewController.swift; sourceTree = "<group>"; };
		3C32CB392818B7D7007045EA /* restyle.js */ = {isa = PBXFileReference; fileEncoding = 4; lastKnownFileType = sourcecode.javascript; path = restyle.js; sourceTree = "<group>"; };
		3C32CB422818BC18007045EA /* WebViewFactory.swift */ = {isa = PBXFileReference; lastKnownFileType = sourcecode.swift; path = WebViewFactory.swift; sourceTree = "<group>"; };
		3CB571172816F7400038E482 /* NavigationViewController.swift */ = {isa = PBXFileReference; lastKnownFileType = sourcecode.swift; path = NavigationViewController.swift; sourceTree = "<group>"; };
/* End PBXFileReference section */

/* Begin PBXFrameworksBuildPhase section */
		3C08A6F628121BF5008FF1C6 /* Frameworks */ = {
			isa = PBXFrameworksBuildPhase;
			buildActionMask = 2147483647;
			files = (
			);
			runOnlyForDeploymentPostprocessing = 0;
		};
		3C08A70C28121BF7008FF1C6 /* Frameworks */ = {
			isa = PBXFrameworksBuildPhase;
			buildActionMask = 2147483647;
			files = (
			);
			runOnlyForDeploymentPostprocessing = 0;
		};
		3C08A71628121BF7008FF1C6 /* Frameworks */ = {
			isa = PBXFrameworksBuildPhase;
			buildActionMask = 2147483647;
			files = (
			);
			runOnlyForDeploymentPostprocessing = 0;
		};
/* End PBXFrameworksBuildPhase section */

/* Begin PBXGroup section */
		3C08A6F028121BF5008FF1C6 = {
			isa = PBXGroup;
			children = (
				3C08A6FB28121BF5008FF1C6 /* News */,
				3C08A71228121BF7008FF1C6 /* NewsTests */,
				3C08A71C28121BF7008FF1C6 /* NewsUITests */,
				3C08A6FA28121BF5008FF1C6 /* Products */,
			);
			sourceTree = "<group>";
		};
		3C08A6FA28121BF5008FF1C6 /* Products */ = {
			isa = PBXGroup;
			children = (
				3C08A6F928121BF5008FF1C6 /* News.app */,
				3C08A70F28121BF7008FF1C6 /* NewsTests.xctest */,
				3C08A71928121BF7008FF1C6 /* NewsUITests.xctest */,
			);
			name = Products;
			sourceTree = "<group>";
		};
		3C08A6FB28121BF5008FF1C6 /* News */ = {
			isa = PBXGroup;
			children = (
				3C08A6FC28121BF5008FF1C6 /* AppDelegate.swift */,
				3C08A6FE28121BF5008FF1C6 /* SceneDelegate.swift */,
				3C08F41E28197D3000FB7DAA /* AppConstants.swift */,
				3C2C8AA52818B1510040F604 /* Main */,
				3C08F438281A17FD00FB7DAA /* Profile */,
				3CD6502A281A7BEB0033927F /* Bookmarks */,
				3C08F437281A14E000FB7DAA /* Common */,
				3C2C8AA42818B12A0040F604 /* Resources */,
			);
			path = News;
			sourceTree = "<group>";
		};
		3C08A71228121BF7008FF1C6 /* NewsTests */ = {
			isa = PBXGroup;
			children = (
				3C08F422281986ED00FB7DAA /* WebRoutesTests.swift */,
			);
			path = NewsTests;
			sourceTree = "<group>";
		};
		3C08A71C28121BF7008FF1C6 /* NewsUITests */ = {
			isa = PBXGroup;
			children = (
				3C08A71D28121BF7008FF1C6 /* NewsUITests.swift */,
				3C08A71F28121BF7008FF1C6 /* NewsUITestsLaunchTests.swift */,
			);
			path = NewsUITests;
			sourceTree = "<group>";
		};
		3C08F437281A14E000FB7DAA /* Common */ = {
			isa = PBXGroup;
			children = (
				3C08F435281A14DB00FB7DAA /* PostTableViewController.swift */,
			);
			path = Common;
			sourceTree = "<group>";
		};
		3C08F438281A17FD00FB7DAA /* Profile */ = {
			isa = PBXGroup;
			children = (
				3C08F439281A182500FB7DAA /* ProfileNavigationControllerFactory.swift */,
				3C08F43B281A195200FB7DAA /* ProfileNavigationController.swift */,
				3C08F43D281A1A2400FB7DAA /* ProfileTableViewController.swift */,
			);
			path = Profile;
			sourceTree = "<group>";
		};
		3C2C8AA42818B12A0040F604 /* Resources */ = {
			isa = PBXGroup;
			children = (
				3C08A70228121BF5008FF1C6 /* Main.storyboard */,
				3C08A70728121BF6008FF1C6 /* LaunchScreen.storyboard */,
				3C08A70528121BF6008FF1C6 /* Assets.xcassets */,
				3C32CB392818B7D7007045EA /* restyle.js */,
				3C08F4312819FBB600FB7DAA /* enableDarkMode.js */,
				3C08F433281A098900FB7DAA /* disableDarkMode.js */,
				3C08A70A28121BF6008FF1C6 /* Info.plist */,
			);
			path = Resources;
			sourceTree = "<group>";
		};
		3C2C8AA52818B1510040F604 /* Main */ = {
			isa = PBXGroup;
			children = (
				3CB571172816F7400038E482 /* NavigationViewController.swift */,
				3C08F4292819C1DA00FB7DAA /* PageViewController.swift */,
				3C08F4252819BFB600FB7DAA /* WebViewController.swift */,
				3C32CB422818BC18007045EA /* WebViewFactory.swift */,
				3C08F42B2819E32000FB7DAA /* WebViewControllerFactory.swift */,
				3C08F4202819806100FB7DAA /* WebRoutes.swift */,
			);
			path = Main;
			sourceTree = "<group>";
		};
		3CD6502A281A7BEB0033927F /* Bookmarks */ = {
			isa = PBXGroup;
			children = (
			);
			path = Bookmarks;
			sourceTree = "<group>";
		};
/* End PBXGroup section */

/* Begin PBXNativeTarget section */
		3C08A6F828121BF5008FF1C6 /* News */ = {
			isa = PBXNativeTarget;
			buildConfigurationList = 3C08A72328121BF7008FF1C6 /* Build configuration list for PBXNativeTarget "News" */;
			buildPhases = (
				3C08A6F528121BF5008FF1C6 /* Sources */,
				3C08A6F628121BF5008FF1C6 /* Frameworks */,
				3C08A6F728121BF5008FF1C6 /* Resources */,
			);
			buildRules = (
			);
			dependencies = (
			);
			name = News;
			productName = News;
			productReference = 3C08A6F928121BF5008FF1C6 /* News.app */;
			productType = "com.apple.product-type.application";
		};
		3C08A70E28121BF7008FF1C6 /* NewsTests */ = {
			isa = PBXNativeTarget;
			buildConfigurationList = 3C08A72628121BF7008FF1C6 /* Build configuration list for PBXNativeTarget "NewsTests" */;
			buildPhases = (
				3C08A70B28121BF7008FF1C6 /* Sources */,
				3C08A70C28121BF7008FF1C6 /* Frameworks */,
				3C08A70D28121BF7008FF1C6 /* Resources */,
			);
			buildRules = (
			);
			dependencies = (
				3C08A71128121BF7008FF1C6 /* PBXTargetDependency */,
			);
			name = NewsTests;
			productName = NewsTests;
			productReference = 3C08A70F28121BF7008FF1C6 /* NewsTests.xctest */;
			productType = "com.apple.product-type.bundle.unit-test";
		};
		3C08A71828121BF7008FF1C6 /* NewsUITests */ = {
			isa = PBXNativeTarget;
			buildConfigurationList = 3C08A72928121BF7008FF1C6 /* Build configuration list for PBXNativeTarget "NewsUITests" */;
			buildPhases = (
				3C08A71528121BF7008FF1C6 /* Sources */,
				3C08A71628121BF7008FF1C6 /* Frameworks */,
				3C08A71728121BF7008FF1C6 /* Resources */,
			);
			buildRules = (
			);
			dependencies = (
				3C08A71B28121BF7008FF1C6 /* PBXTargetDependency */,
			);
			name = NewsUITests;
			productName = NewsUITests;
			productReference = 3C08A71928121BF7008FF1C6 /* NewsUITests.xctest */;
			productType = "com.apple.product-type.bundle.ui-testing";
		};
/* End PBXNativeTarget section */

/* Begin PBXProject section */
		3C08A6F128121BF5008FF1C6 /* Project object */ = {
			isa = PBXProject;
			attributes = {
				BuildIndependentTargetsInParallel = 1;
				LastSwiftUpdateCheck = 1330;
				LastUpgradeCheck = 1330;
				TargetAttributes = {
					3C08A6F828121BF5008FF1C6 = {
						CreatedOnToolsVersion = 13.3.1;
					};
					3C08A70E28121BF7008FF1C6 = {
						CreatedOnToolsVersion = 13.3.1;
						TestTargetID = 3C08A6F828121BF5008FF1C6;
					};
					3C08A71828121BF7008FF1C6 = {
						CreatedOnToolsVersion = 13.3.1;
						TestTargetID = 3C08A6F828121BF5008FF1C6;
					};
				};
			};
			buildConfigurationList = 3C08A6F428121BF5008FF1C6 /* Build configuration list for PBXProject "News" */;
			compatibilityVersion = "Xcode 13.0";
			developmentRegion = en;
			hasScannedForEncodings = 0;
			knownRegions = (
				en,
				Base,
			);
			mainGroup = 3C08A6F028121BF5008FF1C6;
			productRefGroup = 3C08A6FA28121BF5008FF1C6 /* Products */;
			projectDirPath = "";
			projectRoot = "";
			targets = (
				3C08A6F828121BF5008FF1C6 /* News */,
				3C08A70E28121BF7008FF1C6 /* NewsTests */,
				3C08A71828121BF7008FF1C6 /* NewsUITests */,
			);
		};
/* End PBXProject section */

/* Begin PBXResourcesBuildPhase section */
		3C08A6F728121BF5008FF1C6 /* Resources */ = {
			isa = PBXResourcesBuildPhase;
			buildActionMask = 2147483647;
			files = (
				3C08A70928121BF6008FF1C6 /* LaunchScreen.storyboard in Resources */,
				3C32CB3A2818B7D7007045EA /* restyle.js in Resources */,
				3C08F434281A098900FB7DAA /* disableDarkMode.js in Resources */,
				3C08F4322819FBB600FB7DAA /* enableDarkMode.js in Resources */,
				3C08A70628121BF6008FF1C6 /* Assets.xcassets in Resources */,
				3C08A70428121BF5008FF1C6 /* Main.storyboard in Resources */,
			);
			runOnlyForDeploymentPostprocessing = 0;
		};
		3C08A70D28121BF7008FF1C6 /* Resources */ = {
			isa = PBXResourcesBuildPhase;
			buildActionMask = 2147483647;
			files = (
			);
			runOnlyForDeploymentPostprocessing = 0;
		};
		3C08A71728121BF7008FF1C6 /* Resources */ = {
			isa = PBXResourcesBuildPhase;
			buildActionMask = 2147483647;
			files = (
			);
			runOnlyForDeploymentPostprocessing = 0;
		};
/* End PBXResourcesBuildPhase section */

/* Begin PBXSourcesBuildPhase section */
		3C08A6F528121BF5008FF1C6 /* Sources */ = {
			isa = PBXSourcesBuildPhase;
			buildActionMask = 2147483647;
			files = (
				3CB571182816F7400038E482 /* NavigationViewController.swift in Sources */,
				3C08F41F28197D3000FB7DAA /* AppConstants.swift in Sources */,
				3C08F4212819806100FB7DAA /* WebRoutes.swift in Sources */,
				3C08A6FD28121BF5008FF1C6 /* AppDelegate.swift in Sources */,
				3C08A6FF28121BF5008FF1C6 /* SceneDelegate.swift in Sources */,
				3C08F436281A14DB00FB7DAA /* PostTableViewController.swift in Sources */,
				3C08F42C2819E32000FB7DAA /* WebViewControllerFactory.swift in Sources */,
				3C08F43C281A195200FB7DAA /* ProfileNavigationController.swift in Sources */,
				3C08F43E281A1A2400FB7DAA /* ProfileTableViewController.swift in Sources */,
				3C08F42A2819C1DA00FB7DAA /* PageViewController.swift in Sources */,
				3C32CB432818BC18007045EA /* WebViewFactory.swift in Sources */,
				3C08F43A281A182500FB7DAA /* ProfileNavigationControllerFactory.swift in Sources */,
				3C08F4262819BFB600FB7DAA /* WebViewController.swift in Sources */,
			);
			runOnlyForDeploymentPostprocessing = 0;
		};
		3C08A70B28121BF7008FF1C6 /* Sources */ = {
			isa = PBXSourcesBuildPhase;
			buildActionMask = 2147483647;
			files = (
				3C08F4242819880400FB7DAA /* WebRoutes.swift in Sources */,
				3C08F423281986ED00FB7DAA /* WebRoutesTests.swift in Sources */,
			);
			runOnlyForDeploymentPostprocessing = 0;
		};
		3C08A71528121BF7008FF1C6 /* Sources */ = {
			isa = PBXSourcesBuildPhase;
			buildActionMask = 2147483647;
			files = (
				3C08A71E28121BF7008FF1C6 /* NewsUITests.swift in Sources */,
				3C08A72028121BF7008FF1C6 /* NewsUITestsLaunchTests.swift in Sources */,
			);
			runOnlyForDeploymentPostprocessing = 0;
		};
/* End PBXSourcesBuildPhase section */

/* Begin PBXTargetDependency section */
		3C08A71128121BF7008FF1C6 /* PBXTargetDependency */ = {
			isa = PBXTargetDependency;
			target = 3C08A6F828121BF5008FF1C6 /* News */;
			targetProxy = 3C08A71028121BF7008FF1C6 /* PBXContainerItemProxy */;
		};
		3C08A71B28121BF7008FF1C6 /* PBXTargetDependency */ = {
			isa = PBXTargetDependency;
			target = 3C08A6F828121BF5008FF1C6 /* News */;
			targetProxy = 3C08A71A28121BF7008FF1C6 /* PBXContainerItemProxy */;
		};
/* End PBXTargetDependency section */

/* Begin PBXVariantGroup section */
		3C08A70228121BF5008FF1C6 /* Main.storyboard */ = {
			isa = PBXVariantGroup;
			children = (
				3C08A70328121BF5008FF1C6 /* Base */,
			);
			name = Main.storyboard;
			sourceTree = "<group>";
		};
		3C08A70728121BF6008FF1C6 /* LaunchScreen.storyboard */ = {
			isa = PBXVariantGroup;
			children = (
				3C08A70828121BF6008FF1C6 /* Base */,
			);
			name = LaunchScreen.storyboard;
			sourceTree = "<group>";
		};
/* End PBXVariantGroup section */

/* Begin XCBuildConfiguration section */
		3C08A72128121BF7008FF1C6 /* Debug */ = {
			isa = XCBuildConfiguration;
			buildSettings = {
				ALWAYS_SEARCH_USER_PATHS = NO;
				CLANG_ANALYZER_NONNULL = YES;
				CLANG_ANALYZER_NUMBER_OBJECT_CONVERSION = YES_AGGRESSIVE;
				CLANG_CXX_LANGUAGE_STANDARD = "gnu++17";
				CLANG_ENABLE_MODULES = YES;
				CLANG_ENABLE_OBJC_ARC = YES;
				CLANG_ENABLE_OBJC_WEAK = YES;
				CLANG_WARN_BLOCK_CAPTURE_AUTORELEASING = YES;
				CLANG_WARN_BOOL_CONVERSION = YES;
				CLANG_WARN_COMMA = YES;
				CLANG_WARN_CONSTANT_CONVERSION = YES;
				CLANG_WARN_DEPRECATED_OBJC_IMPLEMENTATIONS = YES;
				CLANG_WARN_DIRECT_OBJC_ISA_USAGE = YES_ERROR;
				CLANG_WARN_DOCUMENTATION_COMMENTS = YES;
				CLANG_WARN_EMPTY_BODY = YES;
				CLANG_WARN_ENUM_CONVERSION = YES;
				CLANG_WARN_INFINITE_RECURSION = YES;
				CLANG_WARN_INT_CONVERSION = YES;
				CLANG_WARN_NON_LITERAL_NULL_CONVERSION = YES;
				CLANG_WARN_OBJC_IMPLICIT_RETAIN_SELF = YES;
				CLANG_WARN_OBJC_LITERAL_CONVERSION = YES;
				CLANG_WARN_OBJC_ROOT_CLASS = YES_ERROR;
				CLANG_WARN_QUOTED_INCLUDE_IN_FRAMEWORK_HEADER = YES;
				CLANG_WARN_RANGE_LOOP_ANALYSIS = YES;
				CLANG_WARN_STRICT_PROTOTYPES = YES;
				CLANG_WARN_SUSPICIOUS_MOVE = YES;
				CLANG_WARN_UNGUARDED_AVAILABILITY = YES_AGGRESSIVE;
				CLANG_WARN_UNREACHABLE_CODE = YES;
				CLANG_WARN__DUPLICATE_METHOD_MATCH = YES;
				COPY_PHASE_STRIP = NO;
				DEBUG_INFORMATION_FORMAT = dwarf;
				ENABLE_STRICT_OBJC_MSGSEND = YES;
				ENABLE_TESTABILITY = YES;
				GCC_C_LANGUAGE_STANDARD = gnu11;
				GCC_DYNAMIC_NO_PIC = NO;
				GCC_NO_COMMON_BLOCKS = YES;
				GCC_OPTIMIZATION_LEVEL = 0;
				GCC_PREPROCESSOR_DEFINITIONS = (
					"DEBUG=1",
					"$(inherited)",
				);
				GCC_WARN_64_TO_32_BIT_CONVERSION = YES;
				GCC_WARN_ABOUT_RETURN_TYPE = YES_ERROR;
				GCC_WARN_UNDECLARED_SELECTOR = YES;
				GCC_WARN_UNINITIALIZED_AUTOS = YES_AGGRESSIVE;
				GCC_WARN_UNUSED_FUNCTION = YES;
				GCC_WARN_UNUSED_VARIABLE = YES;
				IPHONEOS_DEPLOYMENT_TARGET = 15.4;
				MTL_ENABLE_DEBUG_INFO = INCLUDE_SOURCE;
				MTL_FAST_MATH = YES;
				ONLY_ACTIVE_ARCH = YES;
				SDKROOT = iphoneos;
				SWIFT_ACTIVE_COMPILATION_CONDITIONS = DEBUG;
				SWIFT_OPTIMIZATION_LEVEL = "-Onone";
			};
			name = Debug;
		};
		3C08A72228121BF7008FF1C6 /* Release */ = {
			isa = XCBuildConfiguration;
			buildSettings = {
				ALWAYS_SEARCH_USER_PATHS = NO;
				CLANG_ANALYZER_NONNULL = YES;
				CLANG_ANALYZER_NUMBER_OBJECT_CONVERSION = YES_AGGRESSIVE;
				CLANG_CXX_LANGUAGE_STANDARD = "gnu++17";
				CLANG_ENABLE_MODULES = YES;
				CLANG_ENABLE_OBJC_ARC = YES;
				CLANG_ENABLE_OBJC_WEAK = YES;
				CLANG_WARN_BLOCK_CAPTURE_AUTORELEASING = YES;
				CLANG_WARN_BOOL_CONVERSION = YES;
				CLANG_WARN_COMMA = YES;
				CLANG_WARN_CONSTANT_CONVERSION = YES;
				CLANG_WARN_DEPRECATED_OBJC_IMPLEMENTATIONS = YES;
				CLANG_WARN_DIRECT_OBJC_ISA_USAGE = YES_ERROR;
				CLANG_WARN_DOCUMENTATION_COMMENTS = YES;
				CLANG_WARN_EMPTY_BODY = YES;
				CLANG_WARN_ENUM_CONVERSION = YES;
				CLANG_WARN_INFINITE_RECURSION = YES;
				CLANG_WARN_INT_CONVERSION = YES;
				CLANG_WARN_NON_LITERAL_NULL_CONVERSION = YES;
				CLANG_WARN_OBJC_IMPLICIT_RETAIN_SELF = YES;
				CLANG_WARN_OBJC_LITERAL_CONVERSION = YES;
				CLANG_WARN_OBJC_ROOT_CLASS = YES_ERROR;
				CLANG_WARN_QUOTED_INCLUDE_IN_FRAMEWORK_HEADER = YES;
				CLANG_WARN_RANGE_LOOP_ANALYSIS = YES;
				CLANG_WARN_STRICT_PROTOTYPES = YES;
				CLANG_WARN_SUSPICIOUS_MOVE = YES;
				CLANG_WARN_UNGUARDED_AVAILABILITY = YES_AGGRESSIVE;
				CLANG_WARN_UNREACHABLE_CODE = YES;
				CLANG_WARN__DUPLICATE_METHOD_MATCH = YES;
				COPY_PHASE_STRIP = NO;
				DEBUG_INFORMATION_FORMAT = "dwarf-with-dsym";
				ENABLE_NS_ASSERTIONS = NO;
				ENABLE_STRICT_OBJC_MSGSEND = YES;
				GCC_C_LANGUAGE_STANDARD = gnu11;
				GCC_NO_COMMON_BLOCKS = YES;
				GCC_WARN_64_TO_32_BIT_CONVERSION = YES;
				GCC_WARN_ABOUT_RETURN_TYPE = YES_ERROR;
				GCC_WARN_UNDECLARED_SELECTOR = YES;
				GCC_WARN_UNINITIALIZED_AUTOS = YES_AGGRESSIVE;
				GCC_WARN_UNUSED_FUNCTION = YES;
				GCC_WARN_UNUSED_VARIABLE = YES;
				IPHONEOS_DEPLOYMENT_TARGET = 15.4;
				MTL_ENABLE_DEBUG_INFO = NO;
				MTL_FAST_MATH = YES;
				SDKROOT = iphoneos;
				SWIFT_COMPILATION_MODE = wholemodule;
				SWIFT_OPTIMIZATION_LEVEL = "-O";
				VALIDATE_PRODUCT = YES;
			};
			name = Release;
		};
		3C08A72428121BF7008FF1C6 /* Debug */ = {
			isa = XCBuildConfiguration;
			buildSettings = {
				ASSETCATALOG_COMPILER_APPICON_NAME = AppIcon;
				ASSETCATALOG_COMPILER_GLOBAL_ACCENT_COLOR_NAME = AccentColor;
				CODE_SIGN_STYLE = Automatic;
				CURRENT_PROJECT_VERSION = 1;
				DEVELOPMENT_TEAM = F6Q2QQSG2W;
				GENERATE_INFOPLIST_FILE = YES;
				INFOPLIST_FILE = News/Resources/Info.plist;
				INFOPLIST_KEY_UIApplicationSupportsIndirectInputEvents = YES;
				INFOPLIST_KEY_UILaunchStoryboardName = LaunchScreen;
				INFOPLIST_KEY_UIMainStoryboardFile = Main;
				INFOPLIST_KEY_UISupportedInterfaceOrientations_iPad = "UIInterfaceOrientationPortrait UIInterfaceOrientationPortraitUpsideDown UIInterfaceOrientationLandscapeLeft UIInterfaceOrientationLandscapeRight";
				INFOPLIST_KEY_UISupportedInterfaceOrientations_iPhone = "UIInterfaceOrientationPortrait UIInterfaceOrientationLandscapeLeft UIInterfaceOrientationLandscapeRight";
				LD_RUNPATH_SEARCH_PATHS = (
					"$(inherited)",
					"@executable_path/Frameworks",
				);
				MARKETING_VERSION = 1.0;
				PRODUCT_BUNDLE_IDENTIFIER = com.iangruenig.News;
				PRODUCT_NAME = "$(TARGET_NAME)";
				SWIFT_EMIT_LOC_STRINGS = YES;
				SWIFT_VERSION = 5.0;
				TARGETED_DEVICE_FAMILY = "1,2";
			};
			name = Debug;
		};
		3C08A72528121BF7008FF1C6 /* Release */ = {
			isa = XCBuildConfiguration;
			buildSettings = {
				ASSETCATALOG_COMPILER_APPICON_NAME = AppIcon;
				ASSETCATALOG_COMPILER_GLOBAL_ACCENT_COLOR_NAME = AccentColor;
				CODE_SIGN_STYLE = Automatic;
				CURRENT_PROJECT_VERSION = 1;
				DEVELOPMENT_TEAM = F6Q2QQSG2W;
				GENERATE_INFOPLIST_FILE = YES;
				INFOPLIST_FILE = News/Resources/Info.plist;
				INFOPLIST_KEY_UIApplicationSupportsIndirectInputEvents = YES;
				INFOPLIST_KEY_UILaunchStoryboardName = LaunchScreen;
				INFOPLIST_KEY_UIMainStoryboardFile = Main;
				INFOPLIST_KEY_UISupportedInterfaceOrientations_iPad = "UIInterfaceOrientationPortrait UIInterfaceOrientationPortraitUpsideDown UIInterfaceOrientationLandscapeLeft UIInterfaceOrientationLandscapeRight";
				INFOPLIST_KEY_UISupportedInterfaceOrientations_iPhone = "UIInterfaceOrientationPortrait UIInterfaceOrientationLandscapeLeft UIInterfaceOrientationLandscapeRight";
				LD_RUNPATH_SEARCH_PATHS = (
					"$(inherited)",
					"@executable_path/Frameworks",
				);
				MARKETING_VERSION = 1.0;
				PRODUCT_BUNDLE_IDENTIFIER = com.iangruenig.News;
				PRODUCT_NAME = "$(TARGET_NAME)";
				SWIFT_EMIT_LOC_STRINGS = YES;
				SWIFT_VERSION = 5.0;
				TARGETED_DEVICE_FAMILY = "1,2";
			};
			name = Release;
		};
		3C08A72728121BF7008FF1C6 /* Debug */ = {
			isa = XCBuildConfiguration;
			buildSettings = {
				ALWAYS_EMBED_SWIFT_STANDARD_LIBRARIES = YES;
				BUNDLE_LOADER = "$(TEST_HOST)";
				CODE_SIGN_STYLE = Automatic;
				CURRENT_PROJECT_VERSION = 1;
				DEVELOPMENT_TEAM = F6Q2QQSG2W;
				GENERATE_INFOPLIST_FILE = YES;
				IPHONEOS_DEPLOYMENT_TARGET = 15.4;
				MARKETING_VERSION = 1.0;
				PRODUCT_BUNDLE_IDENTIFIER = com.iangruenig.NewsTests;
				PRODUCT_NAME = "$(TARGET_NAME)";
				SWIFT_EMIT_LOC_STRINGS = NO;
				SWIFT_VERSION = 5.0;
				TARGETED_DEVICE_FAMILY = "1,2";
				TEST_HOST = "$(BUILT_PRODUCTS_DIR)/News.app/News";
			};
			name = Debug;
		};
		3C08A72828121BF7008FF1C6 /* Release */ = {
			isa = XCBuildConfiguration;
			buildSettings = {
				ALWAYS_EMBED_SWIFT_STANDARD_LIBRARIES = YES;
				BUNDLE_LOADER = "$(TEST_HOST)";
				CODE_SIGN_STYLE = Automatic;
				CURRENT_PROJECT_VERSION = 1;
				DEVELOPMENT_TEAM = F6Q2QQSG2W;
				GENERATE_INFOPLIST_FILE = YES;
				IPHONEOS_DEPLOYMENT_TARGET = 15.4;
				MARKETING_VERSION = 1.0;
				PRODUCT_BUNDLE_IDENTIFIER = com.iangruenig.NewsTests;
				PRODUCT_NAME = "$(TARGET_NAME)";
				SWIFT_EMIT_LOC_STRINGS = NO;
				SWIFT_VERSION = 5.0;
				TARGETED_DEVICE_FAMILY = "1,2";
				TEST_HOST = "$(BUILT_PRODUCTS_DIR)/News.app/News";
			};
			name = Release;
		};
		3C08A72A28121BF7008FF1C6 /* Debug */ = {
			isa = XCBuildConfiguration;
			buildSettings = {
				ALWAYS_EMBED_SWIFT_STANDARD_LIBRARIES = YES;
				CODE_SIGN_STYLE = Automatic;
				CURRENT_PROJECT_VERSION = 1;
				DEVELOPMENT_TEAM = F6Q2QQSG2W;
				GENERATE_INFOPLIST_FILE = YES;
				MARKETING_VERSION = 1.0;
				PRODUCT_BUNDLE_IDENTIFIER = com.iangruenig.NewsUITests;
				PRODUCT_NAME = "$(TARGET_NAME)";
				SWIFT_EMIT_LOC_STRINGS = NO;
				SWIFT_VERSION = 5.0;
				TARGETED_DEVICE_FAMILY = "1,2";
				TEST_TARGET_NAME = News;
			};
			name = Debug;
		};
		3C08A72B28121BF7008FF1C6 /* Release */ = {
			isa = XCBuildConfiguration;
			buildSettings = {
				ALWAYS_EMBED_SWIFT_STANDARD_LIBRARIES = YES;
				CODE_SIGN_STYLE = Automatic;
				CURRENT_PROJECT_VERSION = 1;
				DEVELOPMENT_TEAM = F6Q2QQSG2W;
				GENERATE_INFOPLIST_FILE = YES;
				MARKETING_VERSION = 1.0;
				PRODUCT_BUNDLE_IDENTIFIER = com.iangruenig.NewsUITests;
				PRODUCT_NAME = "$(TARGET_NAME)";
				SWIFT_EMIT_LOC_STRINGS = NO;
				SWIFT_VERSION = 5.0;
				TARGETED_DEVICE_FAMILY = "1,2";
				TEST_TARGET_NAME = News;
			};
			name = Release;
		};
/* End XCBuildConfiguration section */

/* Begin XCConfigurationList section */
		3C08A6F428121BF5008FF1C6 /* Build configuration list for PBXProject "News" */ = {
			isa = XCConfigurationList;
			buildConfigurations = (
				3C08A72128121BF7008FF1C6 /* Debug */,
				3C08A72228121BF7008FF1C6 /* Release */,
			);
			defaultConfigurationIsVisible = 0;
			defaultConfigurationName = Release;
		};
		3C08A72328121BF7008FF1C6 /* Build configuration list for PBXNativeTarget "News" */ = {
			isa = XCConfigurationList;
			buildConfigurations = (
				3C08A72428121BF7008FF1C6 /* Debug */,
				3C08A72528121BF7008FF1C6 /* Release */,
			);
			defaultConfigurationIsVisible = 0;
			defaultConfigurationName = Release;
		};
		3C08A72628121BF7008FF1C6 /* Build configuration list for PBXNativeTarget "NewsTests" */ = {
			isa = XCConfigurationList;
			buildConfigurations = (
				3C08A72728121BF7008FF1C6 /* Debug */,
				3C08A72828121BF7008FF1C6 /* Release */,
			);
			defaultConfigurationIsVisible = 0;
			defaultConfigurationName = Release;
		};
		3C08A72928121BF7008FF1C6 /* Build configuration list for PBXNativeTarget "NewsUITests" */ = {
			isa = XCConfigurationList;
			buildConfigurations = (
				3C08A72A28121BF7008FF1C6 /* Debug */,
				3C08A72B28121BF7008FF1C6 /* Release */,
			);
			defaultConfigurationIsVisible = 0;
			defaultConfigurationName = Release;
		};
/* End XCConfigurationList section */
	};
	rootObject = 3C08A6F128121BF5008FF1C6 /* Project object */;
}
